
Microsoft Visual Studio Solution File, Format Version 12.00
# Visual Studio Version 16
VisualStudioVersion = 16.0.30523.141
MinimumVisualStudioVersion = 10.0.40219.1
Project("{FAE04EC0-301F-11D3-BF4B-00C04F79EFBC}") = "Receptionist", "Receptionist\Receptionist.csproj", "{5F18D63E-BC70-4484-ACFF-596A8B955BF8}"
EndProject
Global
	GlobalSection(SolutionConfigurationPlatforms) = preSolution
		Debug|Any CPU = Debug|Any CPU
		Release|Any CPU = Release|Any CPU
	EndGlobalSection
	GlobalSection(ProjectConfigurationPlatforms) = postSolution
		{5F18D63E-BC70-4484-ACFF-596A8B955BF8}.Debug|Any CPU.ActiveCfg = Debug|Any CPU
		{5F18D63E-BC70-4484-ACFF-596A8B955BF8}.Debug|Any CPU.Build.0 = Debug|Any CPU
		{5F18D63E-BC70-4484-ACFF-596A8B955BF8}.Release|Any CPU.ActiveCfg = Release|Any CPU
		{5F18D63E-BC70-4484-ACFF-596A8B955BF8}.Release|Any CPU.Build.0 = Release|Any CPU
	EndGlobalSection
	GlobalSection(SolutionProperties) = preSolution
		HideSolutionNode = FALSE
	EndGlobalSection
	GlobalSection(ExtensibilityGlobals) = postSolution
		SolutionGuid = {A3BD593C-FCEB-4E69-8365-14A2E345BC5A}
	EndGlobalSection
EndGlobal
